
Microsoft Visual Studio Solution File, Format Version 12.00
# Visual Studio Version 16
VisualStudioVersion = 16.0.35229.62
MinimumVisualStudioVersion = 10.0.40219.1
Project("{FAE04EC0-301F-11D3-BF4B-00C04F79EFBC}") = "MigrationTool", "MigrationTool\MigrationTool.csproj", "{D578960C-39B1-49F1-A063-2FBB3BAE4A39}"
EndProject
Global
	GlobalSection(SolutionConfigurationPlatforms) = preSolution
		Debug|Any CPU = Debug|Any CPU
		Release|Any CPU = Release|Any CPU
	EndGlobalSection
	GlobalSection(ProjectConfigurationPlatforms) = postSolution
		{D578960C-39B1-49F1-A063-2FBB3BAE4A39}.Debug|Any CPU.ActiveCfg = Debug|Any CPU
		{D578960C-39B1-49F1-A063-2FBB3BAE4A39}.Debug|Any CPU.Build.0 = Debug|Any CPU
		{D578960C-39B1-49F1-A063-2FBB3BAE4A39}.Release|Any CPU.ActiveCfg = Release|Any CPU
		{D578960C-39B1-49F1-A063-2FBB3BAE4A39}.Release|Any CPU.Build.0 = Release|Any CPU
	EndGlobalSection
	GlobalSection(SolutionProperties) = preSolution
		HideSolutionNode = FALSE
	EndGlobalSection
	GlobalSection(ExtensibilityGlobals) = postSolution
		SolutionGuid = {4FB6ECC3-61B4-4DAF-808D-7B358475114C}
	EndGlobalSection
EndGlobal
